
Microsoft Visual Studio Solution File, Format Version 12.00
# Visual Studio Version 16
VisualStudioVersion = 16.0.30114.105
MinimumVisualStudioVersion = 10.0.40219.1
Project("{FAE04EC0-301F-11D3-BF4B-00C04F79EFBC}") = "TE19B_ApiClient", "TE19B_ApiClient\TE19B_ApiClient.csproj", "{1A6AA577-82E1-4E9F-9AE6-BBAD115C4F3B}"
EndProject
Global
	GlobalSection(SolutionConfigurationPlatforms) = preSolution
		Debug|Any CPU = Debug|Any CPU
		Release|Any CPU = Release|Any CPU
	EndGlobalSection
	GlobalSection(SolutionProperties) = preSolution
		HideSolutionNode = FALSE
	EndGlobalSection
	GlobalSection(ProjectConfigurationPlatforms) = postSolution
		{1A6AA577-82E1-4E9F-9AE6-BBAD115C4F3B}.Debug|Any CPU.ActiveCfg = Debug|Any CPU
		{1A6AA577-82E1-4E9F-9AE6-BBAD115C4F3B}.Debug|Any CPU.Build.0 = Debug|Any CPU
		{1A6AA577-82E1-4E9F-9AE6-BBAD115C4F3B}.Release|Any CPU.ActiveCfg = Release|Any CPU
		{1A6AA577-82E1-4E9F-9AE6-BBAD115C4F3B}.Release|Any CPU.Build.0 = Release|Any CPU
	EndGlobalSection
EndGlobal
